// !$*UTF8*$!
{
	archiveVersion = 1;
	classes = {
	};
	objectVersion = 77;
	objects = {

/* Begin PBXBuildFile section */
		D273C8992DEB59E300142DBF /* WineColorApp.swift in Sources */ = {isa = PBXBuildFile; fileRef = D273C8972DEB59E300142DBF /* WineColorApp.swift */; };
		D273C89D2DEB5D8B00142DBF /* AppEnvironment.swift in Sources */ = {isa = PBXBuildFile; fileRef = D273C89C2DEB5D8B00142DBF /* AppEnvironment.swift */; };
		D273C89F2DEC8C8600142DBF /* WineType.swift in Sources */ = {isa = PBXBuildFile; fileRef = D273C89E2DEC8C8600142DBF /* WineType.swift */; };
		D273C8A32DEC907A00142DBF /* WinePalette.swift in Sources */ = {isa = PBXBuildFile; fileRef = D273C8A22DEC907A00142DBF /* WinePalette.swift */; };
		D273C8A52DEC909D00142DBF /* WinePalettes.swift in Sources */ = {isa = PBXBuildFile; fileRef = D273C8A42DEC909D00142DBF /* WinePalettes.swift */; };
		D273C8A82DEC90FD00142DBF /* Color.swift in Sources */ = {isa = PBXBuildFile; fileRef = D273C8A72DEC90FD00142DBF /* Color.swift */; };
		D273C8AB2DEC945100142DBF /* String.swift in Sources */ = {isa = PBXBuildFile; fileRef = D273C8AA2DEC945100142DBF /* String.swift */; };
		D273C8AD2DEC94D000142DBF /* Collection.swift in Sources */ = {isa = PBXBuildFile; fileRef = D273C8AC2DEC94D000142DBF /* Collection.swift */; };
		D273C8AF2E02AC5A00142DBF /* ActiveMode.swift in Sources */ = {isa = PBXBuildFile; fileRef = D273C8AE2E02AC5A00142DBF /* ActiveMode.swift */; };
		D273C8B12E02ACD000142DBF /* MainViewModel.swift in Sources */ = {isa = PBXBuildFile; fileRef = D273C8B02E02ACD000142DBF /* MainViewModel.swift */; };
		D273C8B42E0309BF00142DBF /* MainScreenView.swift in Sources */ = {isa = PBXBuildFile; fileRef = D273C8B32E0309BF00142DBF /* MainScreenView.swift */; };
		D273C8B62E0309DC00142DBF /* ControlPanelView.swift in Sources */ = {isa = PBXBuildFile; fileRef = D273C8B52E0309DC00142DBF /* ControlPanelView.swift */; };
		D273C8B82E0309F400142DBF /* ModeButtonView.swift in Sources */ = {isa = PBXBuildFile; fileRef = D273C8B72E0309F400142DBF /* ModeButtonView.swift */; };
		D273C8BA2E03247800142DBF /* AppLifecycleObserver.swift in Sources */ = {isa = PBXBuildFile; fileRef = D273C8B92E03247800142DBF /* AppLifecycleObserver.swift */; };
		D273C8CF2E042FAC00142DBF /* GradientBuilder.swift in Sources */ = {isa = PBXBuildFile; fileRef = D273C8CE2E042FAC00142DBF /* GradientBuilder.swift */; };
		D273C8D22E157C2900142DBF /* Analytics.swift in Sources */ = {isa = PBXBuildFile; fileRef = D273C8D12E157C2900142DBF /* Analytics.swift */; };
		D273C8D42E157C4700142DBF /* AnalyticsEvent.swift in Sources */ = {isa = PBXBuildFile; fileRef = D273C8D32E157C4700142DBF /* AnalyticsEvent.swift */; };
		D273C8D72E16709D00142DBF /* ControlButton.swift in Sources */ = {isa = PBXBuildFile; fileRef = D273C8D62E16709D00142DBF /* ControlButton.swift */; };
		D273C8D92E1672C000142DBF /* ActiveMode+Extension.swift in Sources */ = {isa = PBXBuildFile; fileRef = D273C8D82E1672C000142DBF /* ActiveMode+Extension.swift */; };
		D273C8DB2E169E1D00142DBF /* LargeThumbSlider.swift in Sources */ = {isa = PBXBuildFile; fileRef = D273C8DA2E169E1D00142DBF /* LargeThumbSlider.swift */; };
/* End PBXBuildFile section */

/* Begin PBXContainerItemProxy section */
		D273C8C32E03291100142DBF /* PBXContainerItemProxy */ = {
			isa = PBXContainerItemProxy;
			containerPortal = D2B399812DEB595F00389746 /* Project object */;
			proxyType = 1;
			remoteGlobalIDString = D2B399882DEB595F00389746;
			remoteInfo = WineColor;
		};
/* End PBXContainerItemProxy section */

/* Begin PBXFileReference section */
		D273C8972DEB59E300142DBF /* WineColorApp.swift */ = {isa = PBXFileReference; lastKnownFileType = sourcecode.swift; path = WineColorApp.swift; sourceTree = "<group>"; };
		D273C89C2DEB5D8B00142DBF /* AppEnvironment.swift */ = {isa = PBXFileReference; lastKnownFileType = sourcecode.swift; path = AppEnvironment.swift; sourceTree = "<group>"; };
		D273C89E2DEC8C8600142DBF /* WineType.swift */ = {isa = PBXFileReference; lastKnownFileType = sourcecode.swift; path = WineType.swift; sourceTree = "<group>"; };
		D273C8A22DEC907A00142DBF /* WinePalette.swift */ = {isa = PBXFileReference; lastKnownFileType = sourcecode.swift; path = WinePalette.swift; sourceTree = "<group>"; };
		D273C8A42DEC909D00142DBF /* WinePalettes.swift */ = {isa = PBXFileReference; lastKnownFileType = sourcecode.swift; path = WinePalettes.swift; sourceTree = "<group>"; };
		D273C8A72DEC90FD00142DBF /* Color.swift */ = {isa = PBXFileReference; lastKnownFileType = sourcecode.swift; path = Color.swift; sourceTree = "<group>"; };
		D273C8AA2DEC945100142DBF /* String.swift */ = {isa = PBXFileReference; lastKnownFileType = sourcecode.swift; path = String.swift; sourceTree = "<group>"; };
		D273C8AC2DEC94D000142DBF /* Collection.swift */ = {isa = PBXFileReference; lastKnownFileType = sourcecode.swift; path = Collection.swift; sourceTree = "<group>"; };
		D273C8AE2E02AC5A00142DBF /* ActiveMode.swift */ = {isa = PBXFileReference; lastKnownFileType = sourcecode.swift; path = ActiveMode.swift; sourceTree = "<group>"; };
		D273C8B02E02ACD000142DBF /* MainViewModel.swift */ = {isa = PBXFileReference; lastKnownFileType = sourcecode.swift; path = MainViewModel.swift; sourceTree = "<group>"; };
		D273C8B32E0309BF00142DBF /* MainScreenView.swift */ = {isa = PBXFileReference; lastKnownFileType = sourcecode.swift; path = MainScreenView.swift; sourceTree = "<group>"; };
		D273C8B52E0309DC00142DBF /* ControlPanelView.swift */ = {isa = PBXFileReference; lastKnownFileType = sourcecode.swift; path = ControlPanelView.swift; sourceTree = "<group>"; };
		D273C8B72E0309F400142DBF /* ModeButtonView.swift */ = {isa = PBXFileReference; lastKnownFileType = sourcecode.swift; path = ModeButtonView.swift; sourceTree = "<group>"; };
		D273C8B92E03247800142DBF /* AppLifecycleObserver.swift */ = {isa = PBXFileReference; lastKnownFileType = sourcecode.swift; path = AppLifecycleObserver.swift; sourceTree = "<group>"; };
		D273C8BF2E03291100142DBF /* WineColorTests.xctest */ = {isa = PBXFileReference; explicitFileType = wrapper.cfbundle; includeInIndex = 0; path = WineColorTests.xctest; sourceTree = BUILT_PRODUCTS_DIR; };
		D273C8CE2E042FAC00142DBF /* GradientBuilder.swift */ = {isa = PBXFileReference; lastKnownFileType = sourcecode.swift; path = GradientBuilder.swift; sourceTree = "<group>"; };
		D273C8D12E157C2900142DBF /* Analytics.swift */ = {isa = PBXFileReference; lastKnownFileType = sourcecode.swift; path = Analytics.swift; sourceTree = "<group>"; };
		D273C8D32E157C4700142DBF /* AnalyticsEvent.swift */ = {isa = PBXFileReference; lastKnownFileType = sourcecode.swift; path = AnalyticsEvent.swift; sourceTree = "<group>"; };
		D273C8D62E16709D00142DBF /* ControlButton.swift */ = {isa = PBXFileReference; lastKnownFileType = sourcecode.swift; path = ControlButton.swift; sourceTree = "<group>"; };
		D273C8D82E1672C000142DBF /* ActiveMode+Extension.swift */ = {isa = PBXFileReference; lastKnownFileType = sourcecode.swift; path = "ActiveMode+Extension.swift"; sourceTree = "<group>"; };
		D273C8DA2E169E1D00142DBF /* LargeThumbSlider.swift */ = {isa = PBXFileReference; lastKnownFileType = sourcecode.swift; path = LargeThumbSlider.swift; sourceTree = "<group>"; };
		D2B399892DEB595F00389746 /* WineColor.app */ = {isa = PBXFileReference; explicitFileType = wrapper.application; includeInIndex = 0; path = WineColor.app; sourceTree = BUILT_PRODUCTS_DIR; };
/* End PBXFileReference section */

/* Begin PBXFileSystemSynchronizedRootGroup section */
		D273C8C02E03291100142DBF /* WineColorTests */ = {
			isa = PBXFileSystemSynchronizedRootGroup;
			path = WineColorTests;
			sourceTree = "<group>";
		};
		D2B3998B2DEB595F00389746 /* WineColor */ = {
			isa = PBXFileSystemSynchronizedRootGroup;
			path = WineColor;
			sourceTree = "<group>";
		};
/* End PBXFileSystemSynchronizedRootGroup section */

/* Begin PBXFrameworksBuildPhase section */
		D273C8BC2E03291100142DBF /* Frameworks */ = {
			isa = PBXFrameworksBuildPhase;
			buildActionMask = 2147483647;
			files = (
			);
			runOnlyForDeploymentPostprocessing = 0;
		};
		D2B399862DEB595F00389746 /* Frameworks */ = {
			isa = PBXFrameworksBuildPhase;
			buildActionMask = 2147483647;
			files = (
			);
			runOnlyForDeploymentPostprocessing = 0;
		};
/* End PBXFrameworksBuildPhase section */

/* Begin PBXGroup section */
		D273C8D52E16706400142DBF /* Auxiliaries */ = {
			isa = PBXGroup;
			children = (
				D273C8D62E16709D00142DBF /* ControlButton.swift */,
				D273C8D82E1672C000142DBF /* ActiveMode+Extension.swift */,
			);
			path = Auxiliaries;
			sourceTree = "<group>";
		};
		D273C8DC2E16BABF00142DBF /* App */ = {
			isa = PBXGroup;
			children = (
				D273C8972DEB59E300142DBF /* WineColorApp.swift */,
			);
			path = App;
			sourceTree = "<group>";
		};
		D273C8DD2E16BAEE00142DBF /* Core */ = {
			isa = PBXGroup;
			children = (
				D273C8B92E03247800142DBF /* AppLifecycleObserver.swift */,
				D273C8DF2E16C56600142DBF /* Extensions */,
				D273C8DE2E16C55C00142DBF /* Analytics */,
			);
			path = Core;
			sourceTree = "<group>";
		};
		D273C8DE2E16C55C00142DBF /* Analytics */ = {
			isa = PBXGroup;
			children = (
				D273C8D32E157C4700142DBF /* AnalyticsEvent.swift */,
				D273C8D12E157C2900142DBF /* Analytics.swift */,
			);
			path = Analytics;
			sourceTree = "<group>";
		};
		D273C8DF2E16C56600142DBF /* Extensions */ = {
			isa = PBXGroup;
			children = (
				D273C8A72DEC90FD00142DBF /* Color.swift */,
				D273C8AA2DEC945100142DBF /* String.swift */,
				D273C8AC2DEC94D000142DBF /* Collection.swift */,
			);
			path = Extensions;
			sourceTree = "<group>";
		};
		D273C8E02E16C57000142DBF /* Features */ = {
			isa = PBXGroup;
			children = (
				D273C8D52E16706400142DBF /* Auxiliaries */,
				D273C8E12E16C57800142DBF /* Main */,
			);
			path = Features;
			sourceTree = "<group>";
		};
		D273C8E12E16C57800142DBF /* Main */ = {
			isa = PBXGroup;
			children = (
				D273C8E32E16C58700142DBF /* ViewModel */,
				D273C8E22E16C57F00142DBF /* Views */,
			);
			path = Main;
			sourceTree = "<group>";
		};
		D273C8E22E16C57F00142DBF /* Views */ = {
			isa = PBXGroup;
			children = (
				D273C8B32E0309BF00142DBF /* MainScreenView.swift */,
				D273C8B52E0309DC00142DBF /* ControlPanelView.swift */,
				D273C8B72E0309F400142DBF /* ModeButtonView.swift */,
				D273C8DA2E169E1D00142DBF /* LargeThumbSlider.swift */,
			);
			path = Views;
			sourceTree = "<group>";
		};
		D273C8E32E16C58700142DBF /* ViewModel */ = {
			isa = PBXGroup;
			children = (
				D273C8B02E02ACD000142DBF /* MainViewModel.swift */,
			);
			path = ViewModel;
			sourceTree = "<group>";
		};
		D273C8E42E16C59000142DBF /* Shared */ = {
			isa = PBXGroup;
			children = (
				D273C8E52E16C59700142DBF /* Models */,
			);
			path = Shared;
			sourceTree = "<group>";
		};
		D273C8E52E16C59700142DBF /* Models */ = {
			isa = PBXGroup;
			children = (
				D273C89E2DEC8C8600142DBF /* WineType.swift */,
				D273C8AE2E02AC5A00142DBF /* ActiveMode.swift */,
				D273C8A22DEC907A00142DBF /* WinePalette.swift */,
				D273C8A42DEC909D00142DBF /* WinePalettes.swift */,
				D273C8CE2E042FAC00142DBF /* GradientBuilder.swift */,
			);
			path = Models;
			sourceTree = "<group>";
		};
		D2B399802DEB595F00389746 = {
			isa = PBXGroup;
			children = (
				D273C8E42E16C59000142DBF /* Shared */,
				D273C8E02E16C57000142DBF /* Features */,
				D273C8DD2E16BAEE00142DBF /* Core */,
				D273C8DC2E16BABF00142DBF /* App */,
				D2B399992DEB599300389746 /* Configuration */,
				D2B3998B2DEB595F00389746 /* WineColor */,
				D273C8C02E03291100142DBF /* WineColorTests */,
				D2B3998A2DEB595F00389746 /* Products */,
			);
			sourceTree = "<group>";
		};
		D2B3998A2DEB595F00389746 /* Products */ = {
			isa = PBXGroup;
			children = (
				D2B399892DEB595F00389746 /* WineColor.app */,
				D273C8BF2E03291100142DBF /* WineColorTests.xctest */,
			);
			name = Products;
			sourceTree = "<group>";
		};
		D2B399992DEB599300389746 /* Configuration */ = {
			isa = PBXGroup;
			children = (
				D273C89C2DEB5D8B00142DBF /* AppEnvironment.swift */,
			);
			path = Configuration;
			sourceTree = "<group>";
		};
/* End PBXGroup section */

/* Begin PBXNativeTarget section */
		D273C8BE2E03291100142DBF /* WineColorTests */ = {
			isa = PBXNativeTarget;
			buildConfigurationList = D273C8C52E03291100142DBF /* Build configuration list for PBXNativeTarget "WineColorTests" */;
			buildPhases = (
				D273C8BB2E03291100142DBF /* Sources */,
				D273C8BC2E03291100142DBF /* Frameworks */,
				D273C8BD2E03291100142DBF /* Resources */,
			);
			buildRules = (
			);
			dependencies = (
				D273C8C42E03291100142DBF /* PBXTargetDependency */,
			);
			fileSystemSynchronizedGroups = (
				D273C8C02E03291100142DBF /* WineColorTests */,
			);
			name = WineColorTests;
			packageProductDependencies = (
			);
			productName = WineColorTests;
			productReference = D273C8BF2E03291100142DBF /* WineColorTests.xctest */;
			productType = "com.apple.product-type.bundle.unit-test";
		};
		D2B399882DEB595F00389746 /* WineColor */ = {
			isa = PBXNativeTarget;
			buildConfigurationList = D2B399942DEB596100389746 /* Build configuration list for PBXNativeTarget "WineColor" */;
			buildPhases = (
				D2B399852DEB595F00389746 /* Sources */,
				D2B399862DEB595F00389746 /* Frameworks */,
				D2B399872DEB595F00389746 /* Resources */,
			);
			buildRules = (
			);
			dependencies = (
			);
			fileSystemSynchronizedGroups = (
				D2B3998B2DEB595F00389746 /* WineColor */,
			);
			name = WineColor;
			packageProductDependencies = (
			);
			productName = WineColor;
			productReference = D2B399892DEB595F00389746 /* WineColor.app */;
			productType = "com.apple.product-type.application";
		};
/* End PBXNativeTarget section */

/* Begin PBXProject section */
		D2B399812DEB595F00389746 /* Project object */ = {
			isa = PBXProject;
			attributes = {
				BuildIndependentTargetsInParallel = 1;
				LastSwiftUpdateCheck = 1640;
				LastUpgradeCheck = 1640;
				TargetAttributes = {
					D273C8BE2E03291100142DBF = {
						CreatedOnToolsVersion = 16.4;
						TestTargetID = D2B399882DEB595F00389746;
					};
					D2B399882DEB595F00389746 = {
						CreatedOnToolsVersion = 16.4;
					};
				};
			};
			buildConfigurationList = D2B399842DEB595F00389746 /* Build configuration list for PBXProject "WineColor" */;
			developmentRegion = en;
			hasScannedForEncodings = 0;
			knownRegions = (
				en,
				Base,
			);
			mainGroup = D2B399802DEB595F00389746;
			minimizedProjectReferenceProxies = 1;
			preferredProjectObjectVersion = 77;
			productRefGroup = D2B3998A2DEB595F00389746 /* Products */;
			projectDirPath = "";
			projectRoot = "";
			targets = (
				D2B399882DEB595F00389746 /* WineColor */,
				D273C8BE2E03291100142DBF /* WineColorTests */,
			);
		};
/* End PBXProject section */

/* Begin PBXResourcesBuildPhase section */
		D273C8BD2E03291100142DBF /* Resources */ = {
			isa = PBXResourcesBuildPhase;
			buildActionMask = 2147483647;
			files = (
			);
			runOnlyForDeploymentPostprocessing = 0;
		};
		D2B399872DEB595F00389746 /* Resources */ = {
			isa = PBXResourcesBuildPhase;
			buildActionMask = 2147483647;
			files = (
			);
			runOnlyForDeploymentPostprocessing = 0;
		};
/* End PBXResourcesBuildPhase section */

/* Begin PBXSourcesBuildPhase section */
		D273C8BB2E03291100142DBF /* Sources */ = {
			isa = PBXSourcesBuildPhase;
			buildActionMask = 2147483647;
			files = (
			);
			runOnlyForDeploymentPostprocessing = 0;
		};
		D2B399852DEB595F00389746 /* Sources */ = {
			isa = PBXSourcesBuildPhase;
			buildActionMask = 2147483647;
			files = (
				D273C8AD2DEC94D000142DBF /* Collection.swift in Sources */,
				D273C8A32DEC907A00142DBF /* WinePalette.swift in Sources */,
				D273C8D22E157C2900142DBF /* Analytics.swift in Sources */,
				D273C8B82E0309F400142DBF /* ModeButtonView.swift in Sources */,
				D273C8A82DEC90FD00142DBF /* Color.swift in Sources */,
				D273C8DB2E169E1D00142DBF /* LargeThumbSlider.swift in Sources */,
				D273C8D42E157C4700142DBF /* AnalyticsEvent.swift in Sources */,
				D273C8AF2E02AC5A00142DBF /* ActiveMode.swift in Sources */,
				D273C8A52DEC909D00142DBF /* WinePalettes.swift in Sources */,
				D273C8D92E1672C000142DBF /* ActiveMode+Extension.swift in Sources */,
				D273C8CF2E042FAC00142DBF /* GradientBuilder.swift in Sources */,
				D273C8D72E16709D00142DBF /* ControlButton.swift in Sources */,
				D273C89F2DEC8C8600142DBF /* WineType.swift in Sources */,
				D273C8B62E0309DC00142DBF /* ControlPanelView.swift in Sources */,
				D273C8B42E0309BF00142DBF /* MainScreenView.swift in Sources */,
				D273C8BA2E03247800142DBF /* AppLifecycleObserver.swift in Sources */,
				D273C8992DEB59E300142DBF /* WineColorApp.swift in Sources */,
				D273C8AB2DEC945100142DBF /* String.swift in Sources */,
				D273C89D2DEB5D8B00142DBF /* AppEnvironment.swift in Sources */,
				D273C8B12E02ACD000142DBF /* MainViewModel.swift in Sources */,
			);
			runOnlyForDeploymentPostprocessing = 0;
		};
/* End PBXSourcesBuildPhase section */

/* Begin PBXTargetDependency section */
		D273C8C42E03291100142DBF /* PBXTargetDependency */ = {
			isa = PBXTargetDependency;
			target = D2B399882DEB595F00389746 /* WineColor */;
			targetProxy = D273C8C32E03291100142DBF /* PBXContainerItemProxy */;
		};
/* End PBXTargetDependency section */

/* Begin XCBuildConfiguration section */
		D273C8C62E03291100142DBF /* Debug */ = {
			isa = XCBuildConfiguration;
			buildSettings = {
				BUNDLE_LOADER = "$(TEST_HOST)";
				CODE_SIGN_STYLE = Automatic;
				CURRENT_PROJECT_VERSION = 1;
				DEVELOPMENT_TEAM = 3BEPD83256;
				GENERATE_INFOPLIST_FILE = YES;
				MARKETING_VERSION = 1.0;
				PRODUCT_BUNDLE_IDENTIFIER = ru.homber.WineColorTests;
				PRODUCT_NAME = "$(TARGET_NAME)";
				SWIFT_EMIT_LOC_STRINGS = NO;
				SWIFT_VERSION = 5.0;
				TARGETED_DEVICE_FAMILY = "1,2";
				TEST_HOST = "$(BUILT_PRODUCTS_DIR)/WineColor.app/$(BUNDLE_EXECUTABLE_FOLDER_PATH)/WineColor";
			};
			name = Debug;
		};
		D273C8C72E03291100142DBF /* Release */ = {
			isa = XCBuildConfiguration;
			buildSettings = {
				BUNDLE_LOADER = "$(TEST_HOST)";
				CODE_SIGN_STYLE = Automatic;
				CURRENT_PROJECT_VERSION = 1;
				DEVELOPMENT_TEAM = 3BEPD83256;
				GENERATE_INFOPLIST_FILE = YES;
				MARKETING_VERSION = 1.0;
				PRODUCT_BUNDLE_IDENTIFIER = ru.homber.WineColorTests;
				PRODUCT_NAME = "$(TARGET_NAME)";
				SWIFT_EMIT_LOC_STRINGS = NO;
				SWIFT_VERSION = 5.0;
				TARGETED_DEVICE_FAMILY = "1,2";
				TEST_HOST = "$(BUILT_PRODUCTS_DIR)/WineColor.app/$(BUNDLE_EXECUTABLE_FOLDER_PATH)/WineColor";
			};
			name = Release;
		};
		D2B399922DEB596100389746 /* Debug */ = {
			isa = XCBuildConfiguration;
			buildSettings = {
				ALWAYS_SEARCH_USER_PATHS = NO;
				ASSETCATALOG_COMPILER_GENERATE_SWIFT_ASSET_SYMBOL_EXTENSIONS = YES;
				CLANG_ANALYZER_NONNULL = YES;
				CLANG_ANALYZER_NUMBER_OBJECT_CONVERSION = YES_AGGRESSIVE;
				CLANG_CXX_LANGUAGE_STANDARD = "gnu++20";
				CLANG_ENABLE_MODULES = YES;
				CLANG_ENABLE_OBJC_ARC = YES;
				CLANG_ENABLE_OBJC_WEAK = YES;
				CLANG_WARN_BLOCK_CAPTURE_AUTORELEASING = YES;
				CLANG_WARN_BOOL_CONVERSION = YES;
				CLANG_WARN_COMMA = YES;
				CLANG_WARN_CONSTANT_CONVERSION = YES;
				CLANG_WARN_DEPRECATED_OBJC_IMPLEMENTATIONS = YES;
				CLANG_WARN_DIRECT_OBJC_ISA_USAGE = YES_ERROR;
				CLANG_WARN_DOCUMENTATION_COMMENTS = YES;
				CLANG_WARN_EMPTY_BODY = YES;
				CLANG_WARN_ENUM_CONVERSION = YES;
				CLANG_WARN_INFINITE_RECURSION = YES;
				CLANG_WARN_INT_CONVERSION = YES;
				CLANG_WARN_NON_LITERAL_NULL_CONVERSION = YES;
				CLANG_WARN_OBJC_IMPLICIT_RETAIN_SELF = YES;
				CLANG_WARN_OBJC_LITERAL_CONVERSION = YES;
				CLANG_WARN_OBJC_ROOT_CLASS = YES_ERROR;
				CLANG_WARN_QUOTED_INCLUDE_IN_FRAMEWORK_HEADER = YES;
				CLANG_WARN_RANGE_LOOP_ANALYSIS = YES;
				CLANG_WARN_STRICT_PROTOTYPES = YES;
				CLANG_WARN_SUSPICIOUS_MOVE = YES;
				CLANG_WARN_UNGUARDED_AVAILABILITY = YES_AGGRESSIVE;
				CLANG_WARN_UNREACHABLE_CODE = YES;
				CLANG_WARN__DUPLICATE_METHOD_MATCH = YES;
				COPY_PHASE_STRIP = NO;
				DEBUG_INFORMATION_FORMAT = dwarf;
				DEVELOPMENT_TEAM = 3BEPD83256;
				ENABLE_STRICT_OBJC_MSGSEND = YES;
				ENABLE_TESTABILITY = YES;
				ENABLE_USER_SCRIPT_SANDBOXING = YES;
				GCC_C_LANGUAGE_STANDARD = gnu17;
				GCC_DYNAMIC_NO_PIC = NO;
				GCC_NO_COMMON_BLOCKS = YES;
				GCC_OPTIMIZATION_LEVEL = 0;
				GCC_PREPROCESSOR_DEFINITIONS = (
					"DEBUG=1",
					"$(inherited)",
				);
				GCC_WARN_64_TO_32_BIT_CONVERSION = YES;
				GCC_WARN_ABOUT_RETURN_TYPE = YES_ERROR;
				GCC_WARN_UNDECLARED_SELECTOR = YES;
				GCC_WARN_UNINITIALIZED_AUTOS = YES_AGGRESSIVE;
				GCC_WARN_UNUSED_FUNCTION = YES;
				GCC_WARN_UNUSED_VARIABLE = YES;
				IPHONEOS_DEPLOYMENT_TARGET = 18.5;
				LOCALIZATION_PREFERS_STRING_CATALOGS = YES;
				MTL_ENABLE_DEBUG_INFO = INCLUDE_SOURCE;
				MTL_FAST_MATH = YES;
				ONLY_ACTIVE_ARCH = YES;
				SDKROOT = iphoneos;
				SWIFT_ACTIVE_COMPILATION_CONDITIONS = "DEBUG $(inherited)";
				SWIFT_OPTIMIZATION_LEVEL = "-Onone";
			};
			name = Debug;
		};
		D2B399932DEB596100389746 /* Release */ = {
			isa = XCBuildConfiguration;
			buildSettings = {
				ALWAYS_SEARCH_USER_PATHS = NO;
				ASSETCATALOG_COMPILER_GENERATE_SWIFT_ASSET_SYMBOL_EXTENSIONS = YES;
				CLANG_ANALYZER_NONNULL = YES;
				CLANG_ANALYZER_NUMBER_OBJECT_CONVERSION = YES_AGGRESSIVE;
				CLANG_CXX_LANGUAGE_STANDARD = "gnu++20";
				CLANG_ENABLE_MODULES = YES;
				CLANG_ENABLE_OBJC_ARC = YES;
				CLANG_ENABLE_OBJC_WEAK = YES;
				CLANG_WARN_BLOCK_CAPTURE_AUTORELEASING = YES;
				CLANG_WARN_BOOL_CONVERSION = YES;
				CLANG_WARN_COMMA = YES;
				CLANG_WARN_CONSTANT_CONVERSION = YES;
				CLANG_WARN_DEPRECATED_OBJC_IMPLEMENTATIONS = YES;
				CLANG_WARN_DIRECT_OBJC_ISA_USAGE = YES_ERROR;
				CLANG_WARN_DOCUMENTATION_COMMENTS = YES;
				CLANG_WARN_EMPTY_BODY = YES;
				CLANG_WARN_ENUM_CONVERSION = YES;
				CLANG_WARN_INFINITE_RECURSION = YES;
				CLANG_WARN_INT_CONVERSION = YES;
				CLANG_WARN_NON_LITERAL_NULL_CONVERSION = YES;
				CLANG_WARN_OBJC_IMPLICIT_RETAIN_SELF = YES;
				CLANG_WARN_OBJC_LITERAL_CONVERSION = YES;
				CLANG_WARN_OBJC_ROOT_CLASS = YES_ERROR;
				CLANG_WARN_QUOTED_INCLUDE_IN_FRAMEWORK_HEADER = YES;
				CLANG_WARN_RANGE_LOOP_ANALYSIS = YES;
				CLANG_WARN_STRICT_PROTOTYPES = YES;
				CLANG_WARN_SUSPICIOUS_MOVE = YES;
				CLANG_WARN_UNGUARDED_AVAILABILITY = YES_AGGRESSIVE;
				CLANG_WARN_UNREACHABLE_CODE = YES;
				CLANG_WARN__DUPLICATE_METHOD_MATCH = YES;
				COPY_PHASE_STRIP = NO;
				DEBUG_INFORMATION_FORMAT = "dwarf-with-dsym";
				DEVELOPMENT_TEAM = 3BEPD83256;
				ENABLE_NS_ASSERTIONS = NO;
				ENABLE_STRICT_OBJC_MSGSEND = YES;
				ENABLE_USER_SCRIPT_SANDBOXING = YES;
				GCC_C_LANGUAGE_STANDARD = gnu17;
				GCC_NO_COMMON_BLOCKS = YES;
				GCC_WARN_64_TO_32_BIT_CONVERSION = YES;
				GCC_WARN_ABOUT_RETURN_TYPE = YES_ERROR;
				GCC_WARN_UNDECLARED_SELECTOR = YES;
				GCC_WARN_UNINITIALIZED_AUTOS = YES_AGGRESSIVE;
				GCC_WARN_UNUSED_FUNCTION = YES;
				GCC_WARN_UNUSED_VARIABLE = YES;
				IPHONEOS_DEPLOYMENT_TARGET = 18.5;
				LOCALIZATION_PREFERS_STRING_CATALOGS = YES;
				MTL_ENABLE_DEBUG_INFO = NO;
				MTL_FAST_MATH = YES;
				SDKROOT = iphoneos;
				SWIFT_COMPILATION_MODE = wholemodule;
				VALIDATE_PRODUCT = YES;
			};
			name = Release;
		};
		D2B399952DEB596100389746 /* Debug */ = {
			isa = XCBuildConfiguration;
			buildSettings = {
				ASSETCATALOG_COMPILER_APPICON_NAME = AppIcon;
				ASSETCATALOG_COMPILER_GLOBAL_ACCENT_COLOR_NAME = AccentColor;
				CODE_SIGN_STYLE = Automatic;
				CURRENT_PROJECT_VERSION = 1;
				DEVELOPMENT_TEAM = 3BEPD83256;
				ENABLE_PREVIEWS = YES;
				GENERATE_INFOPLIST_FILE = YES;
				INFOPLIST_KEY_UIApplicationSceneManifest_Generation = YES;
				INFOPLIST_KEY_UIApplicationSupportsIndirectInputEvents = YES;
				INFOPLIST_KEY_UILaunchScreen_Generation = YES;
				INFOPLIST_KEY_UISupportedInterfaceOrientations_iPad = "UIInterfaceOrientationPortrait UIInterfaceOrientationPortraitUpsideDown UIInterfaceOrientationLandscapeLeft UIInterfaceOrientationLandscapeRight";
				INFOPLIST_KEY_UISupportedInterfaceOrientations_iPhone = "UIInterfaceOrientationPortrait UIInterfaceOrientationLandscapeLeft UIInterfaceOrientationLandscapeRight";
				IPHONEOS_DEPLOYMENT_TARGET = 16.0;
				LD_RUNPATH_SEARCH_PATHS = (
					"$(inherited)",
					"@executable_path/Frameworks",
				);
				MARKETING_VERSION = 1.0;
				"OTHER_SWIFT_FLAGS[arch=*]" = "-D DEBUG";
				PRODUCT_BUNDLE_IDENTIFIER = ru.homber.WineColor;
				PRODUCT_NAME = "$(TARGET_NAME)";
				SWIFT_EMIT_LOC_STRINGS = YES;
				SWIFT_STRICT_CONCURRENCY = complete;
				SWIFT_VERSION = 5.0;
				TARGETED_DEVICE_FAMILY = "1,2";
			};
			name = Debug;
		};
		D2B399962DEB596100389746 /* Release */ = {
			isa = XCBuildConfiguration;
			buildSettings = {
				ASSETCATALOG_COMPILER_APPICON_NAME = AppIcon;
				ASSETCATALOG_COMPILER_GLOBAL_ACCENT_COLOR_NAME = AccentColor;
				CODE_SIGN_STYLE = Automatic;
				CURRENT_PROJECT_VERSION = 1;
				DEVELOPMENT_TEAM = 3BEPD83256;
				ENABLE_PREVIEWS = YES;
				GENERATE_INFOPLIST_FILE = YES;
				INFOPLIST_KEY_UIApplicationSceneManifest_Generation = YES;
				INFOPLIST_KEY_UIApplicationSupportsIndirectInputEvents = YES;
				INFOPLIST_KEY_UILaunchScreen_Generation = YES;
				INFOPLIST_KEY_UISupportedInterfaceOrientations_iPad = "UIInterfaceOrientationPortrait UIInterfaceOrientationPortraitUpsideDown UIInterfaceOrientationLandscapeLeft UIInterfaceOrientationLandscapeRight";
				INFOPLIST_KEY_UISupportedInterfaceOrientations_iPhone = "UIInterfaceOrientationPortrait UIInterfaceOrientationLandscapeLeft UIInterfaceOrientationLandscapeRight";
				IPHONEOS_DEPLOYMENT_TARGET = 16.0;
				LD_RUNPATH_SEARCH_PATHS = (
					"$(inherited)",
					"@executable_path/Frameworks",
				);
				MARKETING_VERSION = 1.0;
				PRODUCT_BUNDLE_IDENTIFIER = ru.homber.WineColor;
				PRODUCT_NAME = "$(TARGET_NAME)";
				SWIFT_EMIT_LOC_STRINGS = YES;
				SWIFT_STRICT_CONCURRENCY = complete;
				SWIFT_VERSION = 5.0;
				TARGETED_DEVICE_FAMILY = "1,2";
			};
			name = Release;
		};
/* End XCBuildConfiguration section */

/* Begin XCConfigurationList section */
		D273C8C52E03291100142DBF /* Build configuration list for PBXNativeTarget "WineColorTests" */ = {
			isa = XCConfigurationList;
			buildConfigurations = (
				D273C8C62E03291100142DBF /* Debug */,
				D273C8C72E03291100142DBF /* Release */,
			);
			defaultConfigurationIsVisible = 0;
			defaultConfigurationName = Release;
		};
		D2B399842DEB595F00389746 /* Build configuration list for PBXProject "WineColor" */ = {
			isa = XCConfigurationList;
			buildConfigurations = (
				D2B399922DEB596100389746 /* Debug */,
				D2B399932DEB596100389746 /* Release */,
			);
			defaultConfigurationIsVisible = 0;
			defaultConfigurationName = Release;
		};
		D2B399942DEB596100389746 /* Build configuration list for PBXNativeTarget "WineColor" */ = {
			isa = XCConfigurationList;
			buildConfigurations = (
				D2B399952DEB596100389746 /* Debug */,
				D2B399962DEB596100389746 /* Release */,
			);
			defaultConfigurationIsVisible = 0;
			defaultConfigurationName = Release;
		};
/* End XCConfigurationList section */
	};
	rootObject = D2B399812DEB595F00389746 /* Project object */;
}
