// !$*UTF8*$!
{
	archiveVersion = 1;
	classes = {
	};
	objectVersion = 77;
	objects = {

/* Begin PBXBuildFile section */
		D25715D62E1FF24B0044AA0D /* AppLifecycleObserverProtocol.swift in Sources */ = {isa = PBXBuildFile; fileRef = D25715D52E1FF24B0044AA0D /* AppLifecycleObserverProtocol.swift */; };
		D25715E32E1FFA060044AA0D /* NotificationCenter.swift in Sources */ = {isa = PBXBuildFile; fileRef = D25715E12E1FFA060044AA0D /* NotificationCenter.swift */; };
		D25715E92E201B9A0044AA0D /* NotificationPublishing.swift in Sources */ = {isa = PBXBuildFile; fileRef = D25715E72E201B990044AA0D /* NotificationPublishing.swift */; };
		D25715EF2E211FEB0044AA0D /* BrightnessControlling.swift in Sources */ = {isa = PBXBuildFile; fileRef = D25715EE2E211FEB0044AA0D /* BrightnessControlling.swift */; };
		D25715F12E21201B0044AA0D /* UIScreen.swift in Sources */ = {isa = PBXBuildFile; fileRef = D25715F02E21201B0044AA0D /* UIScreen.swift */; };
		D273C8992DEB59E300142DBF /* WineColorApp.swift in Sources */ = {isa = PBXBuildFile; fileRef = D273C8972DEB59E300142DBF /* WineColorApp.swift */; };
		D273C89D2DEB5D8B00142DBF /* AppEnvironment.swift in Sources */ = {isa = PBXBuildFile; fileRef = D273C89C2DEB5D8B00142DBF /* AppEnvironment.swift */; };
		D273C8AB2DEC945100142DBF /* String.swift in Sources */ = {isa = PBXBuildFile; fileRef = D273C8AA2DEC945100142DBF /* String.swift */; };
		D273C8AD2DEC94D000142DBF /* Collection.swift in Sources */ = {isa = PBXBuildFile; fileRef = D273C8AC2DEC94D000142DBF /* Collection.swift */; };
		D273C8AF2E02AC5A00142DBF /* ActiveMode.swift in Sources */ = {isa = PBXBuildFile; fileRef = D273C8AE2E02AC5A00142DBF /* ActiveMode.swift */; };
		D273C8B12E02ACD000142DBF /* MainScreenViewModel.swift in Sources */ = {isa = PBXBuildFile; fileRef = D273C8B02E02ACD000142DBF /* MainScreenViewModel.swift */; };
		D273C8B42E0309BF00142DBF /* MainScreenView.swift in Sources */ = {isa = PBXBuildFile; fileRef = D273C8B32E0309BF00142DBF /* MainScreenView.swift */; };
		D273C8B62E0309DC00142DBF /* ControlPanelView.swift in Sources */ = {isa = PBXBuildFile; fileRef = D273C8B52E0309DC00142DBF /* ControlPanelView.swift */; };
		D273C8BA2E03247800142DBF /* AppLifecycleObserver.swift in Sources */ = {isa = PBXBuildFile; fileRef = D273C8B92E03247800142DBF /* AppLifecycleObserver.swift */; };
		D273C8D22E157C2900142DBF /* Analytics.swift in Sources */ = {isa = PBXBuildFile; fileRef = D273C8D12E157C2900142DBF /* Analytics.swift */; };
		D273C8D42E157C4700142DBF /* AnalyticsEvent.swift in Sources */ = {isa = PBXBuildFile; fileRef = D273C8D32E157C4700142DBF /* AnalyticsEvent.swift */; };
		D273C8D92E1672C000142DBF /* ActiveMode+Extension.swift in Sources */ = {isa = PBXBuildFile; fileRef = D273C8D82E1672C000142DBF /* ActiveMode+Extension.swift */; };
		D273C8DB2E169E1D00142DBF /* LargeThumbSlider.swift in Sources */ = {isa = PBXBuildFile; fileRef = D273C8DA2E169E1D00142DBF /* LargeThumbSlider.swift */; };
		D28B5E912E16F82F00D21729 /* Localizable.xcstrings in Resources */ = {isa = PBXBuildFile; fileRef = D28B5E902E16F82F00D21729 /* Localizable.xcstrings */; };
		D28B5E932E17DFCC00D21729 /* L10n.swift in Sources */ = {isa = PBXBuildFile; fileRef = D28B5E922E17DFCC00D21729 /* L10n.swift */; };
		D296FC592E21324A0068527C /* AppDependencies.swift in Sources */ = {isa = PBXBuildFile; fileRef = D296FC582E21324A0068527C /* AppDependencies.swift */; };
		D296FC5F2E21662C0068527C /* ControlPanelWithSlidingEnabledView.swift in Sources */ = {isa = PBXBuildFile; fileRef = D296FC5E2E21662C0068527C /* ControlPanelWithSlidingEnabledView.swift */; };
		D296FC612E21677E0068527C /* ControlPanelEyedropperModeView.swift in Sources */ = {isa = PBXBuildFile; fileRef = D296FC602E21677E0068527C /* ControlPanelEyedropperModeView.swift */; };
		D296FC652E23FF060068527C /* TorchControllingProtocol.swift in Sources */ = {isa = PBXBuildFile; fileRef = D296FC642E23FF060068527C /* TorchControllingProtocol.swift */; };
		D296FC672E23FF1F0068527C /* DefaultTorchController.swift in Sources */ = {isa = PBXBuildFile; fileRef = D296FC662E23FF1F0068527C /* DefaultTorchController.swift */; };
		D296FC692E23FF5A0068527C /* EyedropperView.swift in Sources */ = {isa = PBXBuildFile; fileRef = D296FC682E23FF5A0068527C /* EyedropperView.swift */; };
		D296FC702E2403870068527C /* CameraSession.swift in Sources */ = {isa = PBXBuildFile; fileRef = D296FC6F2E2403870068527C /* CameraSession.swift */; };
		D296FC722E2404EE0068527C /* PreviewView.swift in Sources */ = {isa = PBXBuildFile; fileRef = D296FC712E2404EE0068527C /* PreviewView.swift */; };
		D296FC742E2405170068527C /* CameraPreviewView.swift in Sources */ = {isa = PBXBuildFile; fileRef = D296FC732E2405170068527C /* CameraPreviewView.swift */; };
		D2F34B4D2E181A89005AF3B6 /* Comparable.swift in Sources */ = {isa = PBXBuildFile; fileRef = D2F34B4C2E181A89005AF3B6 /* Comparable.swift */; };
		D2F34B502E1D237E005AF3B6 /* LargeThumbSlider+Config.swift in Sources */ = {isa = PBXBuildFile; fileRef = D2F34B4F2E1D237E005AF3B6 /* LargeThumbSlider+Config.swift */; };
		D2F34B592E1D5FE3005AF3B6 /* BrightnessViewModel.swift in Sources */ = {isa = PBXBuildFile; fileRef = D2F34B582E1D5FE3005AF3B6 /* BrightnessViewModel.swift */; };
		D2F34B5B2E1D5FFD005AF3B6 /* TextViewModel.swift in Sources */ = {isa = PBXBuildFile; fileRef = D2F34B5A2E1D5FFD005AF3B6 /* TextViewModel.swift */; };
		D2F34B5D2E1D72FF005AF3B6 /* EyedropperViewModel.swift in Sources */ = {isa = PBXBuildFile; fileRef = D2F34B5C2E1D72FF005AF3B6 /* EyedropperViewModel.swift */; };
		D2F34B5F2E1D7350005AF3B6 /* AppState.swift in Sources */ = {isa = PBXBuildFile; fileRef = D2F34B5E2E1D7350005AF3B6 /* AppState.swift */; };
		D2F34B612E1D7F70005AF3B6 /* ControlButtonView.swift in Sources */ = {isa = PBXBuildFile; fileRef = D2F34B602E1D7F70005AF3B6 /* ControlButtonView.swift */; };
		D2F624B62E2672FD00308A16 /* ColorExtractor.swift in Sources */ = {isa = PBXBuildFile; fileRef = D2F624B52E2672FD00308A16 /* ColorExtractor.swift */; };
		D2F624B92E27B25600308A16 /* HapticImpact.swift in Sources */ = {isa = PBXBuildFile; fileRef = D2F624B82E27B25600308A16 /* HapticImpact.swift */; };
		D2F624BB2E27B2BE00308A16 /* HapticImpactGeneratorProtocol.swift in Sources */ = {isa = PBXBuildFile; fileRef = D2F624BA2E27B2BE00308A16 /* HapticImpactGeneratorProtocol.swift */; };
		D2F624BD2E27B31600308A16 /* HapticImpactGenerator.swift in Sources */ = {isa = PBXBuildFile; fileRef = D2F624BC2E27B31600308A16 /* HapticImpactGenerator.swift */; };
/* End PBXBuildFile section */

/* Begin PBXContainerItemProxy section */
		D273C8C32E03291100142DBF /* PBXContainerItemProxy */ = {
			isa = PBXContainerItemProxy;
			containerPortal = D2B399812DEB595F00389746 /* Project object */;
			proxyType = 1;
			remoteGlobalIDString = D2B399882DEB595F00389746;
			remoteInfo = WineColor;
		};
/* End PBXContainerItemProxy section */

/* Begin PBXFileReference section */
		D25715D52E1FF24B0044AA0D /* AppLifecycleObserverProtocol.swift */ = {isa = PBXFileReference; lastKnownFileType = sourcecode.swift; path = AppLifecycleObserverProtocol.swift; sourceTree = "<group>"; };
		D25715E12E1FFA060044AA0D /* NotificationCenter.swift */ = {isa = PBXFileReference; lastKnownFileType = sourcecode.swift; path = NotificationCenter.swift; sourceTree = "<group>"; };
		D25715E72E201B990044AA0D /* NotificationPublishing.swift */ = {isa = PBXFileReference; lastKnownFileType = sourcecode.swift; path = NotificationPublishing.swift; sourceTree = "<group>"; };
		D25715EE2E211FEB0044AA0D /* BrightnessControlling.swift */ = {isa = PBXFileReference; lastKnownFileType = sourcecode.swift; path = BrightnessControlling.swift; sourceTree = "<group>"; };
		D25715F02E21201B0044AA0D /* UIScreen.swift */ = {isa = PBXFileReference; lastKnownFileType = sourcecode.swift; path = UIScreen.swift; sourceTree = "<group>"; };
		D273C8972DEB59E300142DBF /* WineColorApp.swift */ = {isa = PBXFileReference; lastKnownFileType = sourcecode.swift; path = WineColorApp.swift; sourceTree = "<group>"; };
		D273C89C2DEB5D8B00142DBF /* AppEnvironment.swift */ = {isa = PBXFileReference; lastKnownFileType = sourcecode.swift; path = AppEnvironment.swift; sourceTree = "<group>"; };
		D273C8AA2DEC945100142DBF /* String.swift */ = {isa = PBXFileReference; lastKnownFileType = sourcecode.swift; path = String.swift; sourceTree = "<group>"; };
		D273C8AC2DEC94D000142DBF /* Collection.swift */ = {isa = PBXFileReference; lastKnownFileType = sourcecode.swift; path = Collection.swift; sourceTree = "<group>"; };
		D273C8AE2E02AC5A00142DBF /* ActiveMode.swift */ = {isa = PBXFileReference; lastKnownFileType = sourcecode.swift; path = ActiveMode.swift; sourceTree = "<group>"; };
		D273C8B02E02ACD000142DBF /* MainScreenViewModel.swift */ = {isa = PBXFileReference; lastKnownFileType = sourcecode.swift; path = MainScreenViewModel.swift; sourceTree = "<group>"; };
		D273C8B32E0309BF00142DBF /* MainScreenView.swift */ = {isa = PBXFileReference; lastKnownFileType = sourcecode.swift; path = MainScreenView.swift; sourceTree = "<group>"; };
		D273C8B52E0309DC00142DBF /* ControlPanelView.swift */ = {isa = PBXFileReference; lastKnownFileType = sourcecode.swift; path = ControlPanelView.swift; sourceTree = "<group>"; };
		D273C8B92E03247800142DBF /* AppLifecycleObserver.swift */ = {isa = PBXFileReference; lastKnownFileType = sourcecode.swift; path = AppLifecycleObserver.swift; sourceTree = "<group>"; };
		D273C8BF2E03291100142DBF /* WineColorTests.xctest */ = {isa = PBXFileReference; explicitFileType = wrapper.cfbundle; includeInIndex = 0; path = WineColorTests.xctest; sourceTree = BUILT_PRODUCTS_DIR; };
		D273C8D12E157C2900142DBF /* Analytics.swift */ = {isa = PBXFileReference; lastKnownFileType = sourcecode.swift; path = Analytics.swift; sourceTree = "<group>"; };
		D273C8D32E157C4700142DBF /* AnalyticsEvent.swift */ = {isa = PBXFileReference; lastKnownFileType = sourcecode.swift; path = AnalyticsEvent.swift; sourceTree = "<group>"; };
		D273C8D82E1672C000142DBF /* ActiveMode+Extension.swift */ = {isa = PBXFileReference; lastKnownFileType = sourcecode.swift; path = "ActiveMode+Extension.swift"; sourceTree = "<group>"; };
		D273C8DA2E169E1D00142DBF /* LargeThumbSlider.swift */ = {isa = PBXFileReference; lastKnownFileType = sourcecode.swift; path = LargeThumbSlider.swift; sourceTree = "<group>"; };
		D28B5E902E16F82F00D21729 /* Localizable.xcstrings */ = {isa = PBXFileReference; lastKnownFileType = text.json.xcstrings; name = Localizable.xcstrings; path = Localization/Localizable.xcstrings; sourceTree = "<group>"; };
		D28B5E922E17DFCC00D21729 /* L10n.swift */ = {isa = PBXFileReference; lastKnownFileType = sourcecode.swift; name = L10n.swift; path = Localization/L10n.swift; sourceTree = "<group>"; };
		D296FC582E21324A0068527C /* AppDependencies.swift */ = {isa = PBXFileReference; lastKnownFileType = sourcecode.swift; path = AppDependencies.swift; sourceTree = "<group>"; };
		D296FC5E2E21662C0068527C /* ControlPanelWithSlidingEnabledView.swift */ = {isa = PBXFileReference; lastKnownFileType = sourcecode.swift; path = ControlPanelWithSlidingEnabledView.swift; sourceTree = "<group>"; };
		D296FC602E21677E0068527C /* ControlPanelEyedropperModeView.swift */ = {isa = PBXFileReference; lastKnownFileType = sourcecode.swift; path = ControlPanelEyedropperModeView.swift; sourceTree = "<group>"; };
		D296FC642E23FF060068527C /* TorchControllingProtocol.swift */ = {isa = PBXFileReference; lastKnownFileType = sourcecode.swift; path = TorchControllingProtocol.swift; sourceTree = "<group>"; };
		D296FC662E23FF1F0068527C /* DefaultTorchController.swift */ = {isa = PBXFileReference; lastKnownFileType = sourcecode.swift; path = DefaultTorchController.swift; sourceTree = "<group>"; };
		D296FC682E23FF5A0068527C /* EyedropperView.swift */ = {isa = PBXFileReference; lastKnownFileType = sourcecode.swift; path = EyedropperView.swift; sourceTree = "<group>"; };
		D296FC6F2E2403870068527C /* CameraSession.swift */ = {isa = PBXFileReference; lastKnownFileType = sourcecode.swift; path = CameraSession.swift; sourceTree = "<group>"; };
		D296FC712E2404EE0068527C /* PreviewView.swift */ = {isa = PBXFileReference; lastKnownFileType = sourcecode.swift; path = PreviewView.swift; sourceTree = "<group>"; };
		D296FC732E2405170068527C /* CameraPreviewView.swift */ = {isa = PBXFileReference; lastKnownFileType = sourcecode.swift; path = CameraPreviewView.swift; sourceTree = "<group>"; };
		D2B399892DEB595F00389746 /* WineColor.app */ = {isa = PBXFileReference; explicitFileType = wrapper.application; includeInIndex = 0; path = WineColor.app; sourceTree = BUILT_PRODUCTS_DIR; };
		D2F34B4C2E181A89005AF3B6 /* Comparable.swift */ = {isa = PBXFileReference; lastKnownFileType = sourcecode.swift; path = Comparable.swift; sourceTree = "<group>"; };
		D2F34B4F2E1D237E005AF3B6 /* LargeThumbSlider+Config.swift */ = {isa = PBXFileReference; lastKnownFileType = sourcecode.swift; path = "LargeThumbSlider+Config.swift"; sourceTree = "<group>"; };
		D2F34B582E1D5FE3005AF3B6 /* BrightnessViewModel.swift */ = {isa = PBXFileReference; lastKnownFileType = sourcecode.swift; path = BrightnessViewModel.swift; sourceTree = "<group>"; };
		D2F34B5A2E1D5FFD005AF3B6 /* TextViewModel.swift */ = {isa = PBXFileReference; lastKnownFileType = sourcecode.swift; path = TextViewModel.swift; sourceTree = "<group>"; };
		D2F34B5C2E1D72FF005AF3B6 /* EyedropperViewModel.swift */ = {isa = PBXFileReference; lastKnownFileType = sourcecode.swift; path = EyedropperViewModel.swift; sourceTree = "<group>"; };
		D2F34B5E2E1D7350005AF3B6 /* AppState.swift */ = {isa = PBXFileReference; lastKnownFileType = sourcecode.swift; path = AppState.swift; sourceTree = "<group>"; };
		D2F34B602E1D7F70005AF3B6 /* ControlButtonView.swift */ = {isa = PBXFileReference; lastKnownFileType = sourcecode.swift; path = ControlButtonView.swift; sourceTree = "<group>"; };
		D2F624B52E2672FD00308A16 /* ColorExtractor.swift */ = {isa = PBXFileReference; lastKnownFileType = sourcecode.swift; path = ColorExtractor.swift; sourceTree = "<group>"; };
		D2F624B82E27B25600308A16 /* HapticImpact.swift */ = {isa = PBXFileReference; lastKnownFileType = sourcecode.swift; path = HapticImpact.swift; sourceTree = "<group>"; };
		D2F624BA2E27B2BE00308A16 /* HapticImpactGeneratorProtocol.swift */ = {isa = PBXFileReference; lastKnownFileType = sourcecode.swift; path = HapticImpactGeneratorProtocol.swift; sourceTree = "<group>"; };
		D2F624BC2E27B31600308A16 /* HapticImpactGenerator.swift */ = {isa = PBXFileReference; lastKnownFileType = sourcecode.swift; path = HapticImpactGenerator.swift; sourceTree = "<group>"; };
/* End PBXFileReference section */

/* Begin PBXFileSystemSynchronizedBuildFileExceptionSet section */
		D2F624B12E24191300308A16 /* Exceptions for "WineColor" folder in "WineColor" target */ = {
			isa = PBXFileSystemSynchronizedBuildFileExceptionSet;
			membershipExceptions = (
				Info.plist,
			);
			target = D2B399882DEB595F00389746 /* WineColor */;
		};
/* End PBXFileSystemSynchronizedBuildFileExceptionSet section */

/* Begin PBXFileSystemSynchronizedRootGroup section */
		D273C8C02E03291100142DBF /* WineColorTests */ = {
			isa = PBXFileSystemSynchronizedRootGroup;
			path = WineColorTests;
			sourceTree = "<group>";
		};
		D2B3998B2DEB595F00389746 /* WineColor */ = {
			isa = PBXFileSystemSynchronizedRootGroup;
			exceptions = (
				D2F624B12E24191300308A16 /* Exceptions for "WineColor" folder in "WineColor" target */,
			);
			path = WineColor;
			sourceTree = "<group>";
		};
/* End PBXFileSystemSynchronizedRootGroup section */

/* Begin PBXFrameworksBuildPhase section */
		D273C8BC2E03291100142DBF /* Frameworks */ = {
			isa = PBXFrameworksBuildPhase;
			buildActionMask = 2147483647;
			files = (
			);
			runOnlyForDeploymentPostprocessing = 0;
		};
		D2B399862DEB595F00389746 /* Frameworks */ = {
			isa = PBXFrameworksBuildPhase;
			buildActionMask = 2147483647;
			files = (
			);
			runOnlyForDeploymentPostprocessing = 0;
		};
/* End PBXFrameworksBuildPhase section */

/* Begin PBXGroup section */
		D25715D42E1FF2260044AA0D /* AppLifecycleObserver */ = {
			isa = PBXGroup;
			children = (
				D273C8B92E03247800142DBF /* AppLifecycleObserver.swift */,
				D25715D52E1FF24B0044AA0D /* AppLifecycleObserverProtocol.swift */,
			);
			path = AppLifecycleObserver;
			sourceTree = "<group>";
		};
		D25715DD2E1FF9540044AA0D /* NotificationCenter */ = {
			isa = PBXGroup;
			children = (
				D25715E72E201B990044AA0D /* NotificationPublishing.swift */,
				D25715E12E1FFA060044AA0D /* NotificationCenter.swift */,
			);
			path = NotificationCenter;
			sourceTree = "<group>";
		};
		D25715ED2E211FD40044AA0D /* UIScreen */ = {
			isa = PBXGroup;
			children = (
				D25715EE2E211FEB0044AA0D /* BrightnessControlling.swift */,
				D25715F02E21201B0044AA0D /* UIScreen.swift */,
			);
			path = UIScreen;
			sourceTree = "<group>";
		};
		D273C8D52E16706400142DBF /* Auxiliaries */ = {
			isa = PBXGroup;
			children = (
				D273C8D82E1672C000142DBF /* ActiveMode+Extension.swift */,
			);
			path = Auxiliaries;
			sourceTree = "<group>";
		};
		D273C8DC2E16BABF00142DBF /* App */ = {
			isa = PBXGroup;
			children = (
				D273C8972DEB59E300142DBF /* WineColorApp.swift */,
			);
			path = App;
			sourceTree = "<group>";
		};
		D273C8DD2E16BAEE00142DBF /* Core */ = {
			isa = PBXGroup;
			children = (
				D25715ED2E211FD40044AA0D /* UIScreen */,
				D25715DD2E1FF9540044AA0D /* NotificationCenter */,
				D25715D42E1FF2260044AA0D /* AppLifecycleObserver */,
				D2F34B5E2E1D7350005AF3B6 /* AppState.swift */,
			);
			path = Core;
			sourceTree = "<group>";
		};
		D273C8DE2E16C55C00142DBF /* Analytics */ = {
			isa = PBXGroup;
			children = (
				D273C8D32E157C4700142DBF /* AnalyticsEvent.swift */,
				D273C8D12E157C2900142DBF /* Analytics.swift */,
			);
			path = Analytics;
			sourceTree = "<group>";
		};
		D273C8DF2E16C56600142DBF /* Extensions */ = {
			isa = PBXGroup;
			children = (
				D273C8AA2DEC945100142DBF /* String.swift */,
				D273C8AC2DEC94D000142DBF /* Collection.swift */,
				D2F34B4C2E181A89005AF3B6 /* Comparable.swift */,
			);
			path = Extensions;
			sourceTree = "<group>";
		};
		D273C8E02E16C57000142DBF /* Features */ = {
			isa = PBXGroup;
			children = (
				D296FC6A2E23FFC40068527C /* Eyedropper */,
				D273C8D52E16706400142DBF /* Auxiliaries */,
				D273C8E12E16C57800142DBF /* MainScreen */,
			);
			path = Features;
			sourceTree = "<group>";
		};
		D273C8E12E16C57800142DBF /* MainScreen */ = {
			isa = PBXGroup;
			children = (
				D29E067F2E16CA670037AB78 /* Components */,
				D273C8E32E16C58700142DBF /* ViewModel */,
				D273C8E22E16C57F00142DBF /* Views */,
			);
			path = MainScreen;
			sourceTree = "<group>";
		};
		D273C8E22E16C57F00142DBF /* Views */ = {
			isa = PBXGroup;
			children = (
				D273C8B32E0309BF00142DBF /* MainScreenView.swift */,
			);
			path = Views;
			sourceTree = "<group>";
		};
		D273C8E32E16C58700142DBF /* ViewModel */ = {
			isa = PBXGroup;
			children = (
				D273C8B02E02ACD000142DBF /* MainScreenViewModel.swift */,
				D2F34B582E1D5FE3005AF3B6 /* BrightnessViewModel.swift */,
				D2F34B5A2E1D5FFD005AF3B6 /* TextViewModel.swift */,
			);
			path = ViewModel;
			sourceTree = "<group>";
		};
		D273C8E42E16C59000142DBF /* Domain */ = {
			isa = PBXGroup;
			children = (
				D273C8E52E16C59700142DBF /* Models */,
			);
			path = Domain;
			sourceTree = "<group>";
		};
		D273C8E52E16C59700142DBF /* Models */ = {
			isa = PBXGroup;
			children = (
				D273C8AE2E02AC5A00142DBF /* ActiveMode.swift */,
			);
			path = Models;
			sourceTree = "<group>";
		};
		D296FC632E23FEC30068527C /* Torch */ = {
			isa = PBXGroup;
			children = (
				D296FC642E23FF060068527C /* TorchControllingProtocol.swift */,
				D296FC662E23FF1F0068527C /* DefaultTorchController.swift */,
			);
			path = Torch;
			sourceTree = "<group>";
		};
		D296FC6A2E23FFC40068527C /* Eyedropper */ = {
			isa = PBXGroup;
			children = (
				D296FC6D2E24034B0068527C /* Components */,
				D296FC6C2E23FFDF0068527C /* ViewModel */,
				D296FC6B2E23FFD70068527C /* Views */,
			);
			path = Eyedropper;
			sourceTree = "<group>";
		};
		D296FC6B2E23FFD70068527C /* Views */ = {
			isa = PBXGroup;
			children = (
				D296FC682E23FF5A0068527C /* EyedropperView.swift */,
			);
			path = Views;
			sourceTree = "<group>";
		};
		D296FC6C2E23FFDF0068527C /* ViewModel */ = {
			isa = PBXGroup;
			children = (
				D2F34B5C2E1D72FF005AF3B6 /* EyedropperViewModel.swift */,
			);
			path = ViewModel;
			sourceTree = "<group>";
		};
		D296FC6D2E24034B0068527C /* Components */ = {
			isa = PBXGroup;
			children = (
				D296FC712E2404EE0068527C /* PreviewView.swift */,
				D296FC732E2405170068527C /* CameraPreviewView.swift */,
			);
			path = Components;
			sourceTree = "<group>";
		};
		D296FC6E2E24037D0068527C /* Camera */ = {
			isa = PBXGroup;
			children = (
				D296FC6F2E2403870068527C /* CameraSession.swift */,
				D2F624B52E2672FD00308A16 /* ColorExtractor.swift */,
			);
			path = Camera;
			sourceTree = "<group>";
		};
		D29E067F2E16CA670037AB78 /* Components */ = {
			isa = PBXGroup;
			children = (
				D2F34B4E2E1D235F005AF3B6 /* LargeThumbSlider */,
				D273C8B52E0309DC00142DBF /* ControlPanelView.swift */,
				D296FC602E21677E0068527C /* ControlPanelEyedropperModeView.swift */,
				D2F34B602E1D7F70005AF3B6 /* ControlButtonView.swift */,
				D296FC5E2E21662C0068527C /* ControlPanelWithSlidingEnabledView.swift */,
			);
			path = Components;
			sourceTree = "<group>";
		};
		D29E06842E16CD030037AB78 /* Infrastructure */ = {
			isa = PBXGroup;
			children = (
				D2F624B72E27B22400308A16 /* Haptic */,
				D296FC6E2E24037D0068527C /* Camera */,
				D296FC632E23FEC30068527C /* Torch */,
				D273C8DC2E16BABF00142DBF /* App */,
				D2B399992DEB599300389746 /* Configuration */,
				D273C8DE2E16C55C00142DBF /* Analytics */,
				D28B5E902E16F82F00D21729 /* Localizable.xcstrings */,
				D28B5E922E17DFCC00D21729 /* L10n.swift */,
			);
			path = Infrastructure;
			sourceTree = "<group>";
		};
		D2B399802DEB595F00389746 = {
			isa = PBXGroup;
			children = (
				D29E06842E16CD030037AB78 /* Infrastructure */,
				D273C8E42E16C59000142DBF /* Domain */,
				D273C8E02E16C57000142DBF /* Features */,
				D273C8DF2E16C56600142DBF /* Extensions */,
				D273C8DD2E16BAEE00142DBF /* Core */,
				D2B3998B2DEB595F00389746 /* WineColor */,
				D273C8C02E03291100142DBF /* WineColorTests */,
				D2B3998A2DEB595F00389746 /* Products */,
			);
			sourceTree = "<group>";
		};
		D2B3998A2DEB595F00389746 /* Products */ = {
			isa = PBXGroup;
			children = (
				D2B399892DEB595F00389746 /* WineColor.app */,
				D273C8BF2E03291100142DBF /* WineColorTests.xctest */,
			);
			name = Products;
			sourceTree = "<group>";
		};
		D2B399992DEB599300389746 /* Configuration */ = {
			isa = PBXGroup;
			children = (
				D273C89C2DEB5D8B00142DBF /* AppEnvironment.swift */,
				D296FC582E21324A0068527C /* AppDependencies.swift */,
			);
			path = Configuration;
			sourceTree = "<group>";
		};
		D2F34B4E2E1D235F005AF3B6 /* LargeThumbSlider */ = {
			isa = PBXGroup;
			children = (
				D273C8DA2E169E1D00142DBF /* LargeThumbSlider.swift */,
				D2F34B4F2E1D237E005AF3B6 /* LargeThumbSlider+Config.swift */,
			);
			path = LargeThumbSlider;
			sourceTree = "<group>";
		};
		D2F624B72E27B22400308A16 /* Haptic */ = {
			isa = PBXGroup;
			children = (
				D2F624B82E27B25600308A16 /* HapticImpact.swift */,
				D2F624BA2E27B2BE00308A16 /* HapticImpactGeneratorProtocol.swift */,
				D2F624BC2E27B31600308A16 /* HapticImpactGenerator.swift */,
			);
			path = Haptic;
			sourceTree = "<group>";
		};
/* End PBXGroup section */

/* Begin PBXNativeTarget section */
		D273C8BE2E03291100142DBF /* WineColorTests */ = {
			isa = PBXNativeTarget;
			buildConfigurationList = D273C8C52E03291100142DBF /* Build configuration list for PBXNativeTarget "WineColorTests" */;
			buildPhases = (
				D273C8BB2E03291100142DBF /* Sources */,
				D273C8BC2E03291100142DBF /* Frameworks */,
				D273C8BD2E03291100142DBF /* Resources */,
			);
			buildRules = (
			);
			dependencies = (
				D273C8C42E03291100142DBF /* PBXTargetDependency */,
			);
			fileSystemSynchronizedGroups = (
				D273C8C02E03291100142DBF /* WineColorTests */,
			);
			name = WineColorTests;
			packageProductDependencies = (
			);
			productName = WineColorTests;
			productReference = D273C8BF2E03291100142DBF /* WineColorTests.xctest */;
			productType = "com.apple.product-type.bundle.unit-test";
		};
		D2B399882DEB595F00389746 /* WineColor */ = {
			isa = PBXNativeTarget;
			buildConfigurationList = D2B399942DEB596100389746 /* Build configuration list for PBXNativeTarget "WineColor" */;
			buildPhases = (
				D2B399852DEB595F00389746 /* Sources */,
				D2B399862DEB595F00389746 /* Frameworks */,
				D2B399872DEB595F00389746 /* Resources */,
				D29E06852E16E2010037AB78 /* ShellScript */,
			);
			buildRules = (
			);
			dependencies = (
			);
			fileSystemSynchronizedGroups = (
				D2B3998B2DEB595F00389746 /* WineColor */,
			);
			name = WineColor;
			packageProductDependencies = (
			);
			productName = WineColor;
			productReference = D2B399892DEB595F00389746 /* WineColor.app */;
			productType = "com.apple.product-type.application";
		};
/* End PBXNativeTarget section */

/* Begin PBXProject section */
		D2B399812DEB595F00389746 /* Project object */ = {
			isa = PBXProject;
			attributes = {
				BuildIndependentTargetsInParallel = 1;
				LastSwiftUpdateCheck = 1640;
				LastUpgradeCheck = 1640;
				TargetAttributes = {
					D273C8BE2E03291100142DBF = {
						CreatedOnToolsVersion = 16.4;
						TestTargetID = D2B399882DEB595F00389746;
					};
					D2B399882DEB595F00389746 = {
						CreatedOnToolsVersion = 16.4;
					};
				};
			};
			buildConfigurationList = D2B399842DEB595F00389746 /* Build configuration list for PBXProject "WineColor" */;
			developmentRegion = en;
			hasScannedForEncodings = 0;
			knownRegions = (
				en,
				Base,
				ru,
				de,
				fr,
				it,
				es,
				"pt-PT",
			);
			mainGroup = D2B399802DEB595F00389746;
			minimizedProjectReferenceProxies = 1;
			preferredProjectObjectVersion = 77;
			productRefGroup = D2B3998A2DEB595F00389746 /* Products */;
			projectDirPath = "";
			projectRoot = "";
			targets = (
				D2B399882DEB595F00389746 /* WineColor */,
				D273C8BE2E03291100142DBF /* WineColorTests */,
			);
		};
/* End PBXProject section */

/* Begin PBXResourcesBuildPhase section */
		D273C8BD2E03291100142DBF /* Resources */ = {
			isa = PBXResourcesBuildPhase;
			buildActionMask = 2147483647;
			files = (
			);
			runOnlyForDeploymentPostprocessing = 0;
		};
		D2B399872DEB595F00389746 /* Resources */ = {
			isa = PBXResourcesBuildPhase;
			buildActionMask = 2147483647;
			files = (
				D28B5E912E16F82F00D21729 /* Localizable.xcstrings in Resources */,
			);
			runOnlyForDeploymentPostprocessing = 0;
		};
/* End PBXResourcesBuildPhase section */

/* Begin PBXShellScriptBuildPhase section */
		D29E06852E16E2010037AB78 /* ShellScript */ = {
			isa = PBXShellScriptBuildPhase;
			alwaysOutOfDate = 1;
			buildActionMask = 2147483647;
			files = (
			);
			inputFileListPaths = (
			);
			inputPaths = (
				"$(SRCROOT)/.swiftlint.yml",
				"$(SRCROOT)",
			);
			outputFileListPaths = (
			);
			outputPaths = (
			);
			runOnlyForDeploymentPostprocessing = 0;
			shellPath = /bin/sh;
			shellScript = "if which swiftlint > /dev/null; then\n  swiftlint lint --strict --quiet --force-exclude WineColor || true\n  swiftlint lint --strict --quiet --force-exclude WineColorTests || true\nelse\n  echo \"warning: SwiftLint not installed\"\nfi\n";
		};
/* End PBXShellScriptBuildPhase section */

/* Begin PBXSourcesBuildPhase section */
		D273C8BB2E03291100142DBF /* Sources */ = {
			isa = PBXSourcesBuildPhase;
			buildActionMask = 2147483647;
			files = (
			);
			runOnlyForDeploymentPostprocessing = 0;
		};
		D2B399852DEB595F00389746 /* Sources */ = {
			isa = PBXSourcesBuildPhase;
			buildActionMask = 2147483647;
			files = (
				D273C8AD2DEC94D000142DBF /* Collection.swift in Sources */,
				D2F34B4D2E181A89005AF3B6 /* Comparable.swift in Sources */,
				D273C8D22E157C2900142DBF /* Analytics.swift in Sources */,
				D273C8DB2E169E1D00142DBF /* LargeThumbSlider.swift in Sources */,
				D2F34B5B2E1D5FFD005AF3B6 /* TextViewModel.swift in Sources */,
				D273C8D42E157C4700142DBF /* AnalyticsEvent.swift in Sources */,
				D296FC592E21324A0068527C /* AppDependencies.swift in Sources */,
				D2F34B5D2E1D72FF005AF3B6 /* EyedropperViewModel.swift in Sources */,
				D273C8AF2E02AC5A00142DBF /* ActiveMode.swift in Sources */,
				D296FC692E23FF5A0068527C /* EyedropperView.swift in Sources */,
				D25715D62E1FF24B0044AA0D /* AppLifecycleObserverProtocol.swift in Sources */,
				D296FC652E23FF060068527C /* TorchControllingProtocol.swift in Sources */,
				D2F34B592E1D5FE3005AF3B6 /* BrightnessViewModel.swift in Sources */,
				D273C8D92E1672C000142DBF /* ActiveMode+Extension.swift in Sources */,
				D28B5E932E17DFCC00D21729 /* L10n.swift in Sources */,
				D2F34B612E1D7F70005AF3B6 /* ControlButtonView.swift in Sources */,
				D2F624BB2E27B2BE00308A16 /* HapticImpactGeneratorProtocol.swift in Sources */,
				D2F624BD2E27B31600308A16 /* HapticImpactGenerator.swift in Sources */,
				D296FC672E23FF1F0068527C /* DefaultTorchController.swift in Sources */,
				D296FC742E2405170068527C /* CameraPreviewView.swift in Sources */,
				D2F34B502E1D237E005AF3B6 /* LargeThumbSlider+Config.swift in Sources */,
				D273C8B62E0309DC00142DBF /* ControlPanelView.swift in Sources */,
				D296FC702E2403870068527C /* CameraSession.swift in Sources */,
				D273C8B42E0309BF00142DBF /* MainScreenView.swift in Sources */,
				D273C8BA2E03247800142DBF /* AppLifecycleObserver.swift in Sources */,
				D25715F12E21201B0044AA0D /* UIScreen.swift in Sources */,
				D2F34B5F2E1D7350005AF3B6 /* AppState.swift in Sources */,
				D296FC5F2E21662C0068527C /* ControlPanelWithSlidingEnabledView.swift in Sources */,
				D273C8992DEB59E300142DBF /* WineColorApp.swift in Sources */,
				D25715E92E201B9A0044AA0D /* NotificationPublishing.swift in Sources */,
				D273C8AB2DEC945100142DBF /* String.swift in Sources */,
				D2F624B92E27B25600308A16 /* HapticImpact.swift in Sources */,
				D25715E32E1FFA060044AA0D /* NotificationCenter.swift in Sources */,
				D296FC722E2404EE0068527C /* PreviewView.swift in Sources */,
				D273C89D2DEB5D8B00142DBF /* AppEnvironment.swift in Sources */,
				D273C8B12E02ACD000142DBF /* MainScreenViewModel.swift in Sources */,
				D296FC612E21677E0068527C /* ControlPanelEyedropperModeView.swift in Sources */,
				D2F624B62E2672FD00308A16 /* ColorExtractor.swift in Sources */,
				D25715EF2E211FEB0044AA0D /* BrightnessControlling.swift in Sources */,
			);
			runOnlyForDeploymentPostprocessing = 0;
		};
/* End PBXSourcesBuildPhase section */

/* Begin PBXTargetDependency section */
		D273C8C42E03291100142DBF /* PBXTargetDependency */ = {
			isa = PBXTargetDependency;
			target = D2B399882DEB595F00389746 /* WineColor */;
			targetProxy = D273C8C32E03291100142DBF /* PBXContainerItemProxy */;
		};
/* End PBXTargetDependency section */

/* Begin XCBuildConfiguration section */
		D273C8C62E03291100142DBF /* Debug */ = {
			isa = XCBuildConfiguration;
			buildSettings = {
				BUNDLE_LOADER = "$(TEST_HOST)";
				CODE_SIGN_STYLE = Automatic;
				CURRENT_PROJECT_VERSION = 1;
				DEVELOPMENT_TEAM = 3BEPD83256;
				GENERATE_INFOPLIST_FILE = YES;
				MARKETING_VERSION = 1.0;
				PRODUCT_BUNDLE_IDENTIFIER = ru.homber.WineColorTests;
				PRODUCT_NAME = "$(TARGET_NAME)";
				SWIFT_EMIT_LOC_STRINGS = NO;
				SWIFT_VERSION = 5.0;
				TARGETED_DEVICE_FAMILY = "1,2";
				TEST_HOST = "$(BUILT_PRODUCTS_DIR)/WineColor.app/$(BUNDLE_EXECUTABLE_FOLDER_PATH)/WineColor";
			};
			name = Debug;
		};
		D273C8C72E03291100142DBF /* Release */ = {
			isa = XCBuildConfiguration;
			buildSettings = {
				BUNDLE_LOADER = "$(TEST_HOST)";
				CODE_SIGN_STYLE = Automatic;
				CURRENT_PROJECT_VERSION = 1;
				DEVELOPMENT_TEAM = 3BEPD83256;
				GENERATE_INFOPLIST_FILE = YES;
				MARKETING_VERSION = 1.0;
				PRODUCT_BUNDLE_IDENTIFIER = ru.homber.WineColorTests;
				PRODUCT_NAME = "$(TARGET_NAME)";
				SWIFT_EMIT_LOC_STRINGS = NO;
				SWIFT_VERSION = 5.0;
				TARGETED_DEVICE_FAMILY = "1,2";
				TEST_HOST = "$(BUILT_PRODUCTS_DIR)/WineColor.app/$(BUNDLE_EXECUTABLE_FOLDER_PATH)/WineColor";
			};
			name = Release;
		};
		D2B399922DEB596100389746 /* Debug */ = {
			isa = XCBuildConfiguration;
			buildSettings = {
				ALWAYS_SEARCH_USER_PATHS = NO;
				ASSETCATALOG_COMPILER_GENERATE_SWIFT_ASSET_SYMBOL_EXTENSIONS = YES;
				CLANG_ANALYZER_NONNULL = YES;
				CLANG_ANALYZER_NUMBER_OBJECT_CONVERSION = YES_AGGRESSIVE;
				CLANG_CXX_LANGUAGE_STANDARD = "gnu++20";
				CLANG_ENABLE_MODULES = YES;
				CLANG_ENABLE_OBJC_ARC = YES;
				CLANG_ENABLE_OBJC_WEAK = YES;
				CLANG_WARN_BLOCK_CAPTURE_AUTORELEASING = YES;
				CLANG_WARN_BOOL_CONVERSION = YES;
				CLANG_WARN_COMMA = YES;
				CLANG_WARN_CONSTANT_CONVERSION = YES;
				CLANG_WARN_DEPRECATED_OBJC_IMPLEMENTATIONS = YES;
				CLANG_WARN_DIRECT_OBJC_ISA_USAGE = YES_ERROR;
				CLANG_WARN_DOCUMENTATION_COMMENTS = YES;
				CLANG_WARN_EMPTY_BODY = YES;
				CLANG_WARN_ENUM_CONVERSION = YES;
				CLANG_WARN_INFINITE_RECURSION = YES;
				CLANG_WARN_INT_CONVERSION = YES;
				CLANG_WARN_NON_LITERAL_NULL_CONVERSION = YES;
				CLANG_WARN_OBJC_IMPLICIT_RETAIN_SELF = YES;
				CLANG_WARN_OBJC_LITERAL_CONVERSION = YES;
				CLANG_WARN_OBJC_ROOT_CLASS = YES_ERROR;
				CLANG_WARN_QUOTED_INCLUDE_IN_FRAMEWORK_HEADER = YES;
				CLANG_WARN_RANGE_LOOP_ANALYSIS = YES;
				CLANG_WARN_STRICT_PROTOTYPES = YES;
				CLANG_WARN_SUSPICIOUS_MOVE = YES;
				CLANG_WARN_UNGUARDED_AVAILABILITY = YES_AGGRESSIVE;
				CLANG_WARN_UNREACHABLE_CODE = YES;
				CLANG_WARN__DUPLICATE_METHOD_MATCH = YES;
				COPY_PHASE_STRIP = NO;
				DEBUG_INFORMATION_FORMAT = dwarf;
				DEVELOPMENT_TEAM = 3BEPD83256;
				ENABLE_STRICT_OBJC_MSGSEND = YES;
				ENABLE_TESTABILITY = YES;
				ENABLE_USER_SCRIPT_SANDBOXING = YES;
				GCC_C_LANGUAGE_STANDARD = gnu17;
				GCC_DYNAMIC_NO_PIC = NO;
				GCC_NO_COMMON_BLOCKS = YES;
				GCC_OPTIMIZATION_LEVEL = 0;
				GCC_PREPROCESSOR_DEFINITIONS = (
					"DEBUG=1",
					"$(inherited)",
				);
				GCC_WARN_64_TO_32_BIT_CONVERSION = YES;
				GCC_WARN_ABOUT_RETURN_TYPE = YES_ERROR;
				GCC_WARN_UNDECLARED_SELECTOR = YES;
				GCC_WARN_UNINITIALIZED_AUTOS = YES_AGGRESSIVE;
				GCC_WARN_UNUSED_FUNCTION = YES;
				GCC_WARN_UNUSED_VARIABLE = YES;
				IPHONEOS_DEPLOYMENT_TARGET = 18.5;
				LOCALIZATION_PREFERS_STRING_CATALOGS = YES;
				MTL_ENABLE_DEBUG_INFO = INCLUDE_SOURCE;
				MTL_FAST_MATH = YES;
				ONLY_ACTIVE_ARCH = YES;
				SDKROOT = iphoneos;
				SWIFT_ACTIVE_COMPILATION_CONDITIONS = "DEBUG $(inherited)";
				SWIFT_EMIT_LOC_STRINGS = YES;
				SWIFT_OPTIMIZATION_LEVEL = "-Onone";
			};
			name = Debug;
		};
		D2B399932DEB596100389746 /* Release */ = {
			isa = XCBuildConfiguration;
			buildSettings = {
				ALWAYS_SEARCH_USER_PATHS = NO;
				ASSETCATALOG_COMPILER_GENERATE_SWIFT_ASSET_SYMBOL_EXTENSIONS = YES;
				CLANG_ANALYZER_NONNULL = YES;
				CLANG_ANALYZER_NUMBER_OBJECT_CONVERSION = YES_AGGRESSIVE;
				CLANG_CXX_LANGUAGE_STANDARD = "gnu++20";
				CLANG_ENABLE_MODULES = YES;
				CLANG_ENABLE_OBJC_ARC = YES;
				CLANG_ENABLE_OBJC_WEAK = YES;
				CLANG_WARN_BLOCK_CAPTURE_AUTORELEASING = YES;
				CLANG_WARN_BOOL_CONVERSION = YES;
				CLANG_WARN_COMMA = YES;
				CLANG_WARN_CONSTANT_CONVERSION = YES;
				CLANG_WARN_DEPRECATED_OBJC_IMPLEMENTATIONS = YES;
				CLANG_WARN_DIRECT_OBJC_ISA_USAGE = YES_ERROR;
				CLANG_WARN_DOCUMENTATION_COMMENTS = YES;
				CLANG_WARN_EMPTY_BODY = YES;
				CLANG_WARN_ENUM_CONVERSION = YES;
				CLANG_WARN_INFINITE_RECURSION = YES;
				CLANG_WARN_INT_CONVERSION = YES;
				CLANG_WARN_NON_LITERAL_NULL_CONVERSION = YES;
				CLANG_WARN_OBJC_IMPLICIT_RETAIN_SELF = YES;
				CLANG_WARN_OBJC_LITERAL_CONVERSION = YES;
				CLANG_WARN_OBJC_ROOT_CLASS = YES_ERROR;
				CLANG_WARN_QUOTED_INCLUDE_IN_FRAMEWORK_HEADER = YES;
				CLANG_WARN_RANGE_LOOP_ANALYSIS = YES;
				CLANG_WARN_STRICT_PROTOTYPES = YES;
				CLANG_WARN_SUSPICIOUS_MOVE = YES;
				CLANG_WARN_UNGUARDED_AVAILABILITY = YES_AGGRESSIVE;
				CLANG_WARN_UNREACHABLE_CODE = YES;
				CLANG_WARN__DUPLICATE_METHOD_MATCH = YES;
				COPY_PHASE_STRIP = NO;
				DEBUG_INFORMATION_FORMAT = "dwarf-with-dsym";
				DEVELOPMENT_TEAM = 3BEPD83256;
				ENABLE_NS_ASSERTIONS = NO;
				ENABLE_STRICT_OBJC_MSGSEND = YES;
				ENABLE_USER_SCRIPT_SANDBOXING = YES;
				GCC_C_LANGUAGE_STANDARD = gnu17;
				GCC_NO_COMMON_BLOCKS = YES;
				GCC_WARN_64_TO_32_BIT_CONVERSION = YES;
				GCC_WARN_ABOUT_RETURN_TYPE = YES_ERROR;
				GCC_WARN_UNDECLARED_SELECTOR = YES;
				GCC_WARN_UNINITIALIZED_AUTOS = YES_AGGRESSIVE;
				GCC_WARN_UNUSED_FUNCTION = YES;
				GCC_WARN_UNUSED_VARIABLE = YES;
				IPHONEOS_DEPLOYMENT_TARGET = 18.5;
				LOCALIZATION_PREFERS_STRING_CATALOGS = YES;
				MTL_ENABLE_DEBUG_INFO = NO;
				MTL_FAST_MATH = YES;
				SDKROOT = iphoneos;
				SWIFT_COMPILATION_MODE = wholemodule;
				SWIFT_EMIT_LOC_STRINGS = YES;
				VALIDATE_PRODUCT = YES;
			};
			name = Release;
		};
		D2B399952DEB596100389746 /* Debug */ = {
			isa = XCBuildConfiguration;
			buildSettings = {
				ASSETCATALOG_COMPILER_APPICON_NAME = AppIcon;
				ASSETCATALOG_COMPILER_GLOBAL_ACCENT_COLOR_NAME = AccentColor;
				CODE_SIGN_STYLE = Automatic;
				CURRENT_PROJECT_VERSION = 5;
				DEVELOPMENT_TEAM = 3BEPD83256;
				ENABLE_PREVIEWS = YES;
				GENERATE_INFOPLIST_FILE = YES;
				"INFOPLIST_FILE[sdk=*]" = WineColor/Info.plist;
				INFOPLIST_KEY_CFBundleDisplayName = WineCheck;
				INFOPLIST_KEY_UIApplicationSceneManifest_Generation = YES;
				INFOPLIST_KEY_UIApplicationSupportsIndirectInputEvents = YES;
				INFOPLIST_KEY_UILaunchScreen_Generation = YES;
				INFOPLIST_KEY_UIRequiresFullScreen = YES;
				INFOPLIST_KEY_UISupportedInterfaceOrientations = UIInterfaceOrientationPortrait;
				IPHONEOS_DEPLOYMENT_TARGET = 15.6;
				LD_RUNPATH_SEARCH_PATHS = (
					"$(inherited)",
					"@executable_path/Frameworks",
				);
				MARKETING_VERSION = 1.0;
				"OTHER_SWIFT_FLAGS[arch=*]" = "-D DEBUG";
				PRODUCT_BUNDLE_IDENTIFIER = ru.homber.winecheck;
				PRODUCT_NAME = "$(TARGET_NAME)";
				SWIFT_EMIT_LOC_STRINGS = YES;
				SWIFT_STRICT_CONCURRENCY = complete;
				SWIFT_VERSION = 5.0;
				TARGETED_DEVICE_FAMILY = "1,2";
			};
			name = Debug;
		};
		D2B399962DEB596100389746 /* Release */ = {
			isa = XCBuildConfiguration;
			buildSettings = {
				ASSETCATALOG_COMPILER_APPICON_NAME = AppIcon;
				ASSETCATALOG_COMPILER_GLOBAL_ACCENT_COLOR_NAME = AccentColor;
				CODE_SIGN_STYLE = Automatic;
				CURRENT_PROJECT_VERSION = 5;
				DEVELOPMENT_TEAM = 3BEPD83256;
				ENABLE_PREVIEWS = YES;
				GENERATE_INFOPLIST_FILE = YES;
				"INFOPLIST_FILE[sdk=*]" = WineColor/Info.plist;
				INFOPLIST_KEY_CFBundleDisplayName = WineCheck;
				INFOPLIST_KEY_UIApplicationSceneManifest_Generation = YES;
				INFOPLIST_KEY_UIApplicationSupportsIndirectInputEvents = YES;
				INFOPLIST_KEY_UILaunchScreen_Generation = YES;
				INFOPLIST_KEY_UIRequiresFullScreen = YES;
				INFOPLIST_KEY_UISupportedInterfaceOrientations = UIInterfaceOrientationPortrait;
				IPHONEOS_DEPLOYMENT_TARGET = 15.6;
				LD_RUNPATH_SEARCH_PATHS = (
					"$(inherited)",
					"@executable_path/Frameworks",
				);
				MARKETING_VERSION = 1.0;
				PRODUCT_BUNDLE_IDENTIFIER = ru.homber.winecheck;
				PRODUCT_NAME = "$(TARGET_NAME)";
				SWIFT_EMIT_LOC_STRINGS = YES;
				SWIFT_STRICT_CONCURRENCY = complete;
				SWIFT_VERSION = 5.0;
				TARGETED_DEVICE_FAMILY = "1,2";
			};
			name = Release;
		};
/* End XCBuildConfiguration section */

/* Begin XCConfigurationList section */
		D273C8C52E03291100142DBF /* Build configuration list for PBXNativeTarget "WineColorTests" */ = {
			isa = XCConfigurationList;
			buildConfigurations = (
				D273C8C62E03291100142DBF /* Debug */,
				D273C8C72E03291100142DBF /* Release */,
			);
			defaultConfigurationIsVisible = 0;
			defaultConfigurationName = Release;
		};
		D2B399842DEB595F00389746 /* Build configuration list for PBXProject "WineColor" */ = {
			isa = XCConfigurationList;
			buildConfigurations = (
				D2B399922DEB596100389746 /* Debug */,
				D2B399932DEB596100389746 /* Release */,
			);
			defaultConfigurationIsVisible = 0;
			defaultConfigurationName = Release;
		};
		D2B399942DEB596100389746 /* Build configuration list for PBXNativeTarget "WineColor" */ = {
			isa = XCConfigurationList;
			buildConfigurations = (
				D2B399952DEB596100389746 /* Debug */,
				D2B399962DEB596100389746 /* Release */,
			);
			defaultConfigurationIsVisible = 0;
			defaultConfigurationName = Release;
		};
/* End XCConfigurationList section */
	};
	rootObject = D2B399812DEB595F00389746 /* Project object */;
}
